
Microsoft Visual Studio Solution File, Format Version 12.00
# Visual Studio 15
VisualStudioVersion = 15.0.26124.0
MinimumVisualStudioVersion = 15.0.26124.0
Project("{2150E333-8FDC-42A3-9474-1A3956D46DE8}") = "src", "src", "{41532639-10CF-4CFD-9D9F-AD0C23C7C719}"
EndProject
Project("{FAE04EC0-301F-11D3-BF4B-00C04F79EFBC}") = "GradeBook", "src\GradeBook\GradeBook.csproj", "{4CE15E2E-200E-4BE1-B98B-EAD85793C440}"
EndProject
Project("{2150E333-8FDC-42A3-9474-1A3956D46DE8}") = "test", "test", "{4888B882-1CF4-47B9-8685-61D51F48782C}"
EndProject
Project("{FAE04EC0-301F-11D3-BF4B-00C04F79EFBC}") = "GradeBook.Tests", "test\GradeBook.Tests\GradeBook.Tests.csproj", "{4FDD5FF0-E01E-43E8-AD19-285646025D89}"
EndProject
Global
	GlobalSection(SolutionConfigurationPlatforms) = preSolution
		Debug|Any CPU = Debug|Any CPU
		Debug|x64 = Debug|x64
		Debug|x86 = Debug|x86
		Release|Any CPU = Release|Any CPU
		Release|x64 = Release|x64
		Release|x86 = Release|x86
	EndGlobalSection
	GlobalSection(SolutionProperties) = preSolution
		HideSolutionNode = FALSE
	EndGlobalSection
	GlobalSection(ProjectConfigurationPlatforms) = postSolution
		{4CE15E2E-200E-4BE1-B98B-EAD85793C440}.Debug|Any CPU.ActiveCfg = Debug|Any CPU
		{4CE15E2E-200E-4BE1-B98B-EAD85793C440}.Debug|Any CPU.Build.0 = Debug|Any CPU
		{4CE15E2E-200E-4BE1-B98B-EAD85793C440}.Debug|x64.ActiveCfg = Debug|Any CPU
		{4CE15E2E-200E-4BE1-B98B-EAD85793C440}.Debug|x64.Build.0 = Debug|Any CPU
		{4CE15E2E-200E-4BE1-B98B-EAD85793C440}.Debug|x86.ActiveCfg = Debug|Any CPU
		{4CE15E2E-200E-4BE1-B98B-EAD85793C440}.Debug|x86.Build.0 = Debug|Any CPU
		{4CE15E2E-200E-4BE1-B98B-EAD85793C440}.Release|Any CPU.ActiveCfg = Release|Any CPU
		{4CE15E2E-200E-4BE1-B98B-EAD85793C440}.Release|Any CPU.Build.0 = Release|Any CPU
		{4CE15E2E-200E-4BE1-B98B-EAD85793C440}.Release|x64.ActiveCfg = Release|Any CPU
		{4CE15E2E-200E-4BE1-B98B-EAD85793C440}.Release|x64.Build.0 = Release|Any CPU
		{4CE15E2E-200E-4BE1-B98B-EAD85793C440}.Release|x86.ActiveCfg = Release|Any CPU
		{4CE15E2E-200E-4BE1-B98B-EAD85793C440}.Release|x86.Build.0 = Release|Any CPU
		{4FDD5FF0-E01E-43E8-AD19-285646025D89}.Debug|Any CPU.ActiveCfg = Debug|Any CPU
		{4FDD5FF0-E01E-43E8-AD19-285646025D89}.Debug|Any CPU.Build.0 = Debug|Any CPU
		{4FDD5FF0-E01E-43E8-AD19-285646025D89}.Debug|x64.ActiveCfg = Debug|Any CPU
		{4FDD5FF0-E01E-43E8-AD19-285646025D89}.Debug|x64.Build.0 = Debug|Any CPU
		{4FDD5FF0-E01E-43E8-AD19-285646025D89}.Debug|x86.ActiveCfg = Debug|Any CPU
		{4FDD5FF0-E01E-43E8-AD19-285646025D89}.Debug|x86.Build.0 = Debug|Any CPU
		{4FDD5FF0-E01E-43E8-AD19-285646025D89}.Release|Any CPU.ActiveCfg = Release|Any CPU
		{4FDD5FF0-E01E-43E8-AD19-285646025D89}.Release|Any CPU.Build.0 = Release|Any CPU
		{4FDD5FF0-E01E-43E8-AD19-285646025D89}.Release|x64.ActiveCfg = Release|Any CPU
		{4FDD5FF0-E01E-43E8-AD19-285646025D89}.Release|x64.Build.0 = Release|Any CPU
		{4FDD5FF0-E01E-43E8-AD19-285646025D89}.Release|x86.ActiveCfg = Release|Any CPU
		{4FDD5FF0-E01E-43E8-AD19-285646025D89}.Release|x86.Build.0 = Release|Any CPU
	EndGlobalSection
	GlobalSection(NestedProjects) = preSolution
		{4CE15E2E-200E-4BE1-B98B-EAD85793C440} = {41532639-10CF-4CFD-9D9F-AD0C23C7C719}
		{4FDD5FF0-E01E-43E8-AD19-285646025D89} = {4888B882-1CF4-47B9-8685-61D51F48782C}
	EndGlobalSection
EndGlobal
